# This file is automatically @generated by Cargo.
# It is not intended for manual editing.
version = 4

[[package]]
name = "selen"
version = "0.9.0"
source = "registry+https://github.com/rust-lang/crates.io-index"
checksum = "e6a1454af5d1523333cd80d13fb7168b069d5605af9ed88247e6e1aee96ec7dc"

[[package]]
name = "zelen"
version = "0.1.0"
dependencies = [
 "selen",
]
